
Microsoft Visual Studio Solution File, Format Version 11.00
# Visual Studio 2010
Project("{FAE04EC0-301F-11D3-BF4B-00C04F79EFBC}") = "DownloadManager", "DropboxAPI\DownloadManager.csproj", "{F2F8779B-D9F7-4A5D-ACC0-BC46B2AC664D}"
EndProject
Global
	GlobalSection(SolutionConfigurationPlatforms) = preSolution
		Debug|x86 = Debug|x86
		Release|x86 = Release|x86
	EndGlobalSection
	GlobalSection(ProjectConfigurationPlatforms) = postSolution
		{F2F8779B-D9F7-4A5D-ACC0-BC46B2AC664D}.Debug|x86.ActiveCfg = Debug|x86
		{F2F8779B-D9F7-4A5D-ACC0-BC46B2AC664D}.Debug|x86.Build.0 = Debug|x86
		{F2F8779B-D9F7-4A5D-ACC0-BC46B2AC664D}.Release|x86.ActiveCfg = Release|x86
		{F2F8779B-D9F7-4A5D-ACC0-BC46B2AC664D}.Release|x86.Build.0 = Release|x86
	EndGlobalSection
	GlobalSection(SolutionProperties) = preSolution
		HideSolutionNode = FALSE
	EndGlobalSection
EndGlobal
